// !$*UTF8*$!
{
	archiveVersion = 1;
	classes = {
	};
	objectVersion = 48;
	objects = {

/* Begin PBXBuildFile section */
		932A426C1FFC9E4F003C4EC7 /* AppDelegate.swift in Sources */ = {isa = PBXBuildFile; fileRef = 932A426B1FFC9E4F003C4EC7 /* AppDelegate.swift */; };
		932A426E1FFC9E4F003C4EC7 /* ViewController.swift in Sources */ = {isa = PBXBuildFile; fileRef = 932A426D1FFC9E4F003C4EC7 /* ViewController.swift */; };
		932A42711FFC9E4F003C4EC7 /* Main.storyboard in Resources */ = {isa = PBXBuildFile; fileRef = 932A426F1FFC9E4F003C4EC7 /* Main.storyboard */; };
		932A42731FFC9E4F003C4EC7 /* Assets.xcassets in Resources */ = {isa = PBXBuildFile; fileRef = 932A42721FFC9E4F003C4EC7 /* Assets.xcassets */; };
		932A42761FFC9E4F003C4EC7 /* LaunchScreen.storyboard in Resources */ = {isa = PBXBuildFile; fileRef = 932A42741FFC9E4F003C4EC7 /* LaunchScreen.storyboard */; };
/* End PBXBuildFile section */

/* Begin PBXFileReference section */
		932A42681FFC9E4F003C4EC7 /* logginNavigation.app */ = {isa = PBXFileReference; explicitFileType = wrapper.application; includeInIndex = 0; path = logginNavigation.app; sourceTree = BUILT_PRODUCTS_DIR; };
		932A426B1FFC9E4F003C4EC7 /* AppDelegate.swift */ = {isa = PBXFileReference; lastKnownFileType = sourcecode.swift; path = AppDelegate.swift; sourceTree = "<group>"; };
		932A426D1FFC9E4F003C4EC7 /* ViewController.swift */ = {isa = PBXFileReference; lastKnownFileType = sourcecode.swift; path = ViewController.swift; sourceTree = "<group>"; };
		932A42701FFC9E4F003C4EC7 /* Base */ = {isa = PBXFileReference; lastKnownFileType = file.storyboard; name = Base; path = Base.lproj/Main.storyboard; sourceTree = "<group>"; };
		932A42721FFC9E4F003C4EC7 /* Assets.xcassets */ = {isa = PBXFileReference; lastKnownFileType = folder.assetcatalog; path = Assets.xcassets; sourceTree = "<group>"; };
		932A42751FFC9E4F003C4EC7 /* Base */ = {isa = PBXFileReference; lastKnownFileType = file.storyboard; name = Base; path = Base.lproj/LaunchScreen.storyboard; sourceTree = "<group>"; };
		932A42771FFC9E4F003C4EC7 /* Info.plist */ = {isa = PBXFileReference; lastKnownFileType = text.plist.xml; path = Info.plist; sourceTree = "<group>"; };
/* End PBXFileReference section */

/* Begin PBXFrameworksBuildPhase section */
		932A42651FFC9E4F003C4EC7 /* Frameworks */ = {
			isa = PBXFrameworksBuildPhase;
			buildActionMask = 2147483647;
			files = (
			);
			runOnlyForDeploymentPostprocessing = 0;
		};
/* End PBXFrameworksBuildPhase section */

/* Begin PBXGroup section */
		932A425F1FFC9E4F003C4EC7 = {
			isa = PBXGroup;
			children = (
				932A426A1FFC9E4F003C4EC7 /* logginNavigation */,
				932A42691FFC9E4F003C4EC7 /* Products */,
			);
			sourceTree = "<group>";
		};
		932A42691FFC9E4F003C4EC7 /* Products */ = {
			isa = PBXGroup;
			children = (
				932A42681FFC9E4F003C4EC7 /* logginNavigation.app */,
			);
			name = Products;
			sourceTree = "<group>";
		};
		932A426A1FFC9E4F003C4EC7 /* logginNavigation */ = {
			isa = PBXGroup;
			children = (
				932A426B1FFC9E4F003C4EC7 /* AppDelegate.swift */,
				932A426D1FFC9E4F003C4EC7 /* ViewController.swift */,
				932A426F1FFC9E4F003C4EC7 /* Main.storyboard */,
				932A42721FFC9E4F003C4EC7 /* Assets.xcassets */,
				932A42741FFC9E4F003C4EC7 /* LaunchScreen.storyboard */,
				932A42771FFC9E4F003C4EC7 /* Info.plist */,
			);
			path = logginNavigation;
			sourceTree = "<group>";
		};
/* End PBXGroup section */

/* Begin PBXNativeTarget section */
		932A42671FFC9E4F003C4EC7 /* logginNavigation */ = {
			isa = PBXNativeTarget;
			buildConfigurationList = 932A427A1FFC9E4F003C4EC7 /* Build configuration list for PBXNativeTarget "logginNavigation" */;
			buildPhases = (
				932A42641FFC9E4F003C4EC7 /* Sources */,
				932A42651FFC9E4F003C4EC7 /* Frameworks */,
				932A42661FFC9E4F003C4EC7 /* Resources */,
			);
			buildRules = (
			);
			dependencies = (
			);
			name = logginNavigation;
			productName = logginNavigation;
			productReference = 932A42681FFC9E4F003C4EC7 /* logginNavigation.app */;
			productType = "com.apple.product-type.application";
		};
/* End PBXNativeTarget section */

/* Begin PBXProject section */
		932A42601FFC9E4F003C4EC7 /* Project object */ = {
			isa = PBXProject;
			attributes = {
				LastSwiftUpdateCheck = 0910;
				LastUpgradeCheck = 0910;
				ORGANIZATIONNAME = jorge_a_mtz_r;
				TargetAttributes = {
					932A42671FFC9E4F003C4EC7 = {
						CreatedOnToolsVersion = 9.1;
						ProvisioningStyle = Automatic;
					};
				};
			};
			buildConfigurationList = 932A42631FFC9E4F003C4EC7 /* Build configuration list for PBXProject "logginNavigation" */;
			compatibilityVersion = "Xcode 8.0";
			developmentRegion = en;
			hasScannedForEncodings = 0;
			knownRegions = (
				en,
				Base,
			);
			mainGroup = 932A425F1FFC9E4F003C4EC7;
			productRefGroup = 932A42691FFC9E4F003C4EC7 /* Products */;
			projectDirPath = "";
			projectRoot = "";
			targets = (
				932A42671FFC9E4F003C4EC7 /* logginNavigation */,
			);
		};
/* End PBXProject section */

/* Begin PBXResourcesBuildPhase section */
		932A42661FFC9E4F003C4EC7 /* Resources */ = {
			isa = PBXResourcesBuildPhase;
			buildActionMask = 2147483647;
			files = (
				932A42761FFC9E4F003C4EC7 /* LaunchScreen.storyboard in Resources */,
				932A42731FFC9E4F003C4EC7 /* Assets.xcassets in Resources */,
				932A42711FFC9E4F003C4EC7 /* Main.storyboard in Resources */,
			);
			runOnlyForDeploymentPostprocessing = 0;
		};
/* End PBXResourcesBuildPhase section */

/* Begin PBXSourcesBuildPhase section */
		932A42641FFC9E4F003C4EC7 /* Sources */ = {
			isa = PBXSourcesBuildPhase;
			buildActionMask = 2147483647;
			files = (
				932A426E1FFC9E4F003C4EC7 /* ViewController.swift in Sources */,
				932A426C1FFC9E4F003C4EC7 /* AppDelegate.swift in Sources */,
			);
			runOnlyForDeploymentPostprocessing = 0;
		};
/* End PBXSourcesBuildPhase section */

/* Begin PBXVariantGroup section */
		932A426F1FFC9E4F003C4EC7 /* Main.storyboard */ = {
			isa = PBXVariantGroup;
			children = (
				932A42701FFC9E4F003C4EC7 /* Base */,
			);
			name = Main.storyboard;
			sourceTree = "<group>";
		};
		932A42741FFC9E4F003C4EC7 /* LaunchScreen.storyboard */ = {
			isa = PBXVariantGroup;
			children = (
				932A42751FFC9E4F003C4EC7 /* Base */,
			);
			name = LaunchScreen.storyboard;
			sourceTree = "<group>";
		};
/* End PBXVariantGroup section */

/* Begin XCBuildConfiguration section */
		932A42781FFC9E4F003C4EC7 /* Debug */ = {
			isa = XCBuildConfiguration;
			buildSettings = {
				ALWAYS_SEARCH_USER_PATHS = NO;
				CLANG_ANALYZER_NONNULL = YES;
				CLANG_ANALYZER_NUMBER_OBJECT_CONVERSION = YES_AGGRESSIVE;
				CLANG_CXX_LANGUAGE_STANDARD = "gnu++14";
				CLANG_CXX_LIBRARY = "libc++";
				CLANG_ENABLE_MODULES = YES;
				CLANG_ENABLE_OBJC_ARC = YES;
				CLANG_WARN_BLOCK_CAPTURE_AUTORELEASING = YES;
				CLANG_WARN_BOOL_CONVERSION = YES;
				CLANG_WARN_COMMA = YES;
				CLANG_WARN_CONSTANT_CONVERSION = YES;
				CLANG_WARN_DIRECT_OBJC_ISA_USAGE = YES_ERROR;
				CLANG_WARN_DOCUMENTATION_COMMENTS = YES;
				CLANG_WARN_EMPTY_BODY = YES;
				CLANG_WARN_ENUM_CONVERSION = YES;
				CLANG_WARN_INFINITE_RECURSION = YES;
				CLANG_WARN_INT_CONVERSION = YES;
				CLANG_WARN_NON_LITERAL_NULL_CONVERSION = YES;
				CLANG_WARN_OBJC_LITERAL_CONVERSION = YES;
				CLANG_WARN_OBJC_ROOT_CLASS = YES_ERROR;
				CLANG_WARN_RANGE_LOOP_ANALYSIS = YES;
				CLANG_WARN_STRICT_PROTOTYPES = YES;
				CLANG_WARN_SUSPICIOUS_MOVE = YES;
				CLANG_WARN_UNGUARDED_AVAILABILITY = YES_AGGRESSIVE;
				CLANG_WARN_UNREACHABLE_CODE = YES;
				CLANG_WARN__DUPLICATE_METHOD_MATCH = YES;
				CODE_SIGN_IDENTITY = "iPhone Developer";
				COPY_PHASE_STRIP = NO;
				DEBUG_INFORMATION_FORMAT = dwarf;
				ENABLE_STRICT_OBJC_MSGSEND = YES;
				ENABLE_TESTABILITY = YES;
				GCC_C_LANGUAGE_STANDARD = gnu11;
				GCC_DYNAMIC_NO_PIC = NO;
				GCC_NO_COMMON_BLOCKS = YES;
				GCC_OPTIMIZATION_LEVEL = 0;
				GCC_PREPROCESSOR_DEFINITIONS = (
					"DEBUG=1",
					"$(inherited)",
				);
				GCC_WARN_64_TO_32_BIT_CONVERSION = YES;
				GCC_WARN_ABOUT_RETURN_TYPE = YES_ERROR;
				GCC_WARN_UNDECLARED_SELECTOR = YES;
				GCC_WARN_UNINITIALIZED_AUTOS = YES_AGGRESSIVE;
				GCC_WARN_UNUSED_FUNCTION = YES;
				GCC_WARN_UNUSED_VARIABLE = YES;
				IPHONEOS_DEPLOYMENT_TARGET = 11.1;
				MTL_ENABLE_DEBUG_INFO = YES;
				ONLY_ACTIVE_ARCH = YES;
				SDKROOT = iphoneos;
				SWIFT_ACTIVE_COMPILATION_CONDITIONS = DEBUG;
				SWIFT_OPTIMIZATION_LEVEL = "-Onone";
			};
			name = Debug;
		};
		932A42791FFC9E4F003C4EC7 /* Release */ = {
			isa = XCBuildConfiguration;
			buildSettings = {
				ALWAYS_SEARCH_USER_PATHS = NO;
				CLANG_ANALYZER_NONNULL = YES;
				CLANG_ANALYZER_NUMBER_OBJECT_CONVERSION = YES_AGGRESSIVE;
				CLANG_CXX_LANGUAGE_STANDARD = "gnu++14";
				CLANG_CXX_LIBRARY = "libc++";
				CLANG_ENABLE_MODULES = YES;
				CLANG_ENABLE_OBJC_ARC = YES;
				CLANG_WARN_BLOCK_CAPTURE_AUTORELEASING = YES;
				CLANG_WARN_BOOL_CONVERSION = YES;
				CLANG_WARN_COMMA = YES;
				CLANG_WARN_CONSTANT_CONVERSION = YES;
				CLANG_WARN_DIRECT_OBJC_ISA_USAGE = YES_ERROR;
				CLANG_WARN_DOCUMENTATION_COMMENTS = YES;
				CLANG_WARN_EMPTY_BODY = YES;
				CLANG_WARN_ENUM_CONVERSION = YES;
				CLANG_WARN_INFINITE_RECURSION = YES;
				CLANG_WARN_INT_CONVERSION = YES;
				CLANG_WARN_NON_LITERAL_NULL_CONVERSION = YES;
				CLANG_WARN_OBJC_LITERAL_CONVERSION = YES;
				CLANG_WARN_OBJC_ROOT_CLASS = YES_ERROR;
				CLANG_WARN_RANGE_LOOP_ANALYSIS = YES;
				CLANG_WARN_STRICT_PROTOTYPES = YES;
				CLANG_WARN_SUSPICIOUS_MOVE = YES;
				CLANG_WARN_UNGUARDED_AVAILABILITY = YES_AGGRESSIVE;
				CLANG_WARN_UNREACHABLE_CODE = YES;
				CLANG_WARN__DUPLICATE_METHOD_MATCH = YES;
				CODE_SIGN_IDENTITY = "iPhone Developer";
				COPY_PHASE_STRIP = NO;
				DEBUG_INFORMATION_FORMAT = "dwarf-with-dsym";
				ENABLE_NS_ASSERTIONS = NO;
				ENABLE_STRICT_OBJC_MSGSEND = YES;
				GCC_C_LANGUAGE_STANDARD = gnu11;
				GCC_NO_COMMON_BLOCKS = YES;
				GCC_WARN_64_TO_32_BIT_CONVERSION = YES;
				GCC_WARN_ABOUT_RETURN_TYPE = YES_ERROR;
				GCC_WARN_UNDECLARED_SELECTOR = YES;
				GCC_WARN_UNINITIALIZED_AUTOS = YES_AGGRESSIVE;
				GCC_WARN_UNUSED_FUNCTION = YES;
				GCC_WARN_UNUSED_VARIABLE = YES;
				IPHONEOS_DEPLOYMENT_TARGET = 11.1;
				MTL_ENABLE_DEBUG_INFO = NO;
				SDKROOT = iphoneos;
				SWIFT_OPTIMIZATION_LEVEL = "-Owholemodule";
				VALIDATE_PRODUCT = YES;
			};
			name = Release;
		};
		932A427B1FFC9E4F003C4EC7 /* Debug */ = {
			isa = XCBuildConfiguration;
			buildSettings = {
				ASSETCATALOG_COMPILER_APPICON_NAME = AppIcon;
				CODE_SIGN_STYLE = Automatic;
				DEVELOPMENT_TEAM = C7TWJET8M7;
				INFOPLIST_FILE = logginNavigation/Info.plist;
				LD_RUNPATH_SEARCH_PATHS = "$(inherited) @executable_path/Frameworks";
				PRODUCT_BUNDLE_IDENTIFIER = jorge.a.mtz.r.logginNavigation;
				PRODUCT_NAME = "$(TARGET_NAME)";
				SWIFT_VERSION = 4.0;
				TARGETED_DEVICE_FAMILY = "1,2";
			};
			name = Debug;
		};
		932A427C1FFC9E4F003C4EC7 /* Release */ = {
			isa = XCBuildConfiguration;
			buildSettings = {
				ASSETCATALOG_COMPILER_APPICON_NAME = AppIcon;
				CODE_SIGN_STYLE = Automatic;
				DEVELOPMENT_TEAM = C7TWJET8M7;
				INFOPLIST_FILE = logginNavigation/Info.plist;
				LD_RUNPATH_SEARCH_PATHS = "$(inherited) @executable_path/Frameworks";
				PRODUCT_BUNDLE_IDENTIFIER = jorge.a.mtz.r.logginNavigation;
				PRODUCT_NAME = "$(TARGET_NAME)";
				SWIFT_VERSION = 4.0;
				TARGETED_DEVICE_FAMILY = "1,2";
			};
			name = Release;
		};
/* End XCBuildConfiguration section */

/* Begin XCConfigurationList section */
		932A42631FFC9E4F003C4EC7 /* Build configuration list for PBXProject "logginNavigation" */ = {
			isa = XCConfigurationList;
			buildConfigurations = (
				932A42781FFC9E4F003C4EC7 /* Debug */,
				932A42791FFC9E4F003C4EC7 /* Release */,
			);
			defaultConfigurationIsVisible = 0;
			defaultConfigurationName = Release;
		};
		932A427A1FFC9E4F003C4EC7 /* Build configuration list for PBXNativeTarget "logginNavigation" */ = {
			isa = XCConfigurationList;
			buildConfigurations = (
				932A427B1FFC9E4F003C4EC7 /* Debug */,
				932A427C1FFC9E4F003C4EC7 /* Release */,
			);
			defaultConfigurationIsVisible = 0;
			defaultConfigurationName = Release;
		};
/* End XCConfigurationList section */
	};
	rootObject = 932A42601FFC9E4F003C4EC7 /* Project object */;
}
